// !$*UTF8*$!
{
	archiveVersion = 1;
	classes = {
	};
	objectVersion = 50;
	objects = {

/* Begin PBXBuildFile section */
		020406DE261B2F9F0036687E /* VaccineList.storyboard in Resources */ = {isa = PBXBuildFile; fileRef = 020406DC261B2F9F0036687E /* VaccineList.storyboard */; };
		020406F2261B314C0036687E /* VaccineListMonth.storyboard in Resources */ = {isa = PBXBuildFile; fileRef = 020406F1261B314C0036687E /* VaccineListMonth.storyboard */; };
		020406FA261B4BB80036687E /* VaccineDetail.storyboard in Resources */ = {isa = PBXBuildFile; fileRef = 020406F9261B4BB80036687E /* VaccineDetail.storyboard */; };
		02040700261B4C1D0036687E /* BabyProfile.storyboard in Resources */ = {isa = PBXBuildFile; fileRef = 020406FE261B4C1D0036687E /* BabyProfile.storyboard */; };
		02040705261B4C710036687E /* BabyProfileForm.storyboard in Resources */ = {isa = PBXBuildFile; fileRef = 02040704261B4C710036687E /* BabyProfileForm.storyboard */; };
		0204070E261B4D100036687E /* Growth.storyboard in Resources */ = {isa = PBXBuildFile; fileRef = 0204070C261B4D100036687E /* Growth.storyboard */; };
		02040714261B4DBE0036687E /* BabyProfileFormController.swift in Sources */ = {isa = PBXBuildFile; fileRef = 02040713261B4DBE0036687E /* BabyProfileFormController.swift */; };
		0204071C261B4DE00036687E /* GrowthController.swift in Sources */ = {isa = PBXBuildFile; fileRef = 0204071B261B4DE00036687E /* GrowthController.swift */; };
		0204072C261B4EA70036687E /* BabyProfileController.swift in Sources */ = {isa = PBXBuildFile; fileRef = 0204072B261B4EA70036687E /* BabyProfileController.swift */; };
		02040734261B4ED80036687E /* VaccineListMonthController.swift in Sources */ = {isa = PBXBuildFile; fileRef = 02040733261B4ED80036687E /* VaccineListMonthController.swift */; };
		02040739261B4EFB0036687E /* VaccineDetailController.swift in Sources */ = {isa = PBXBuildFile; fileRef = 02040738261B4EFB0036687E /* VaccineDetailController.swift */; };
		0204073E261B4F160036687E /* VaccineListController.swift in Sources */ = {isa = PBXBuildFile; fileRef = 0204073D261B4F160036687E /* VaccineListController.swift */; };
		026B8344261FF22800339AD6 /* BabyProfileCell.swift in Sources */ = {isa = PBXBuildFile; fileRef = 026B8342261FF22800339AD6 /* BabyProfileCell.swift */; };
		026B8345261FF22800339AD6 /* BabyProfileCell.xib in Resources */ = {isa = PBXBuildFile; fileRef = 026B8343261FF22800339AD6 /* BabyProfileCell.xib */; };
		029B5BE7261F315B00AA5F36 /* VaccineModel.swift in Sources */ = {isa = PBXBuildFile; fileRef = 029B5BE6261F315B00AA5F36 /* VaccineModel.swift */; };
		02DC391E261B85A60098990A /* BabyModel.swift in Sources */ = {isa = PBXBuildFile; fileRef = 02DC391D261B85A60098990A /* BabyModel.swift */; };
		02DC3980261DFF460098990A /* VaccineMonthCell.swift in Sources */ = {isa = PBXBuildFile; fileRef = 02DC397E261DFF460098990A /* VaccineMonthCell.swift */; };
		02DC3981261DFF460098990A /* VaccineMonthCell.xib in Resources */ = {isa = PBXBuildFile; fileRef = 02DC397F261DFF460098990A /* VaccineMonthCell.xib */; };
		8419D724261EDAC900F2AEA8 /* GrowthCollectionViewCell.swift in Sources */ = {isa = PBXBuildFile; fileRef = 8419D723261EDAC900F2AEA8 /* GrowthCollectionViewCell.swift */; };
		84A7EB44261D0EDA00169FE7 /* VacinneCardView.swift in Sources */ = {isa = PBXBuildFile; fileRef = 84A7EB43261D0EDA00169FE7 /* VacinneCardView.swift */; };
		84A7EB49261D177C00169FE7 /* BabyCardView.swift in Sources */ = {isa = PBXBuildFile; fileRef = 84A7EB48261D177C00169FE7 /* BabyCardView.swift */; };
		EE7E87E0261ECA74005976CA /* Color.swift in Sources */ = {isa = PBXBuildFile; fileRef = EE7E87DF261ECA74005976CA /* Color.swift */; };
		EE8F7D0A261ADFB700FD13AE /* AppDelegate.swift in Sources */ = {isa = PBXBuildFile; fileRef = EE8F7D09261ADFB700FD13AE /* AppDelegate.swift */; };
		EE8F7D0C261ADFB700FD13AE /* SceneDelegate.swift in Sources */ = {isa = PBXBuildFile; fileRef = EE8F7D0B261ADFB700FD13AE /* SceneDelegate.swift */; };
		EE8F7D0E261ADFB700FD13AE /* ViewController.swift in Sources */ = {isa = PBXBuildFile; fileRef = EE8F7D0D261ADFB700FD13AE /* ViewController.swift */; };
		EE8F7D11261ADFB700FD13AE /* Main.storyboard in Resources */ = {isa = PBXBuildFile; fileRef = EE8F7D0F261ADFB700FD13AE /* Main.storyboard */; };
		EE8F7D14261ADFB700FD13AE /* InfantoryApp.xcdatamodeld in Sources */ = {isa = PBXBuildFile; fileRef = EE8F7D12261ADFB700FD13AE /* InfantoryApp.xcdatamodeld */; };
		EE8F7D16261ADFB800FD13AE /* Assets.xcassets in Resources */ = {isa = PBXBuildFile; fileRef = EE8F7D15261ADFB800FD13AE /* Assets.xcassets */; };
		EE8F7D19261ADFB800FD13AE /* LaunchScreen.storyboard in Resources */ = {isa = PBXBuildFile; fileRef = EE8F7D17261ADFB800FD13AE /* LaunchScreen.storyboard */; };
		EE8F7D24261ADFB800FD13AE /* InfantoryAppTests.swift in Sources */ = {isa = PBXBuildFile; fileRef = EE8F7D23261ADFB800FD13AE /* InfantoryAppTests.swift */; };
		EE8F7D2F261ADFB800FD13AE /* InfantoryAppUITests.swift in Sources */ = {isa = PBXBuildFile; fileRef = EE8F7D2E261ADFB800FD13AE /* InfantoryAppUITests.swift */; };
		EEC57572261CACCF00BB6A28 /* MonthModel.swift in Sources */ = {isa = PBXBuildFile; fileRef = EEC57571261CACCF00BB6A28 /* MonthModel.swift */; };
		EEC57577261CAE4200BB6A28 /* VaccineListTableViewCell.swift in Sources */ = {isa = PBXBuildFile; fileRef = EEC57576261CAE4200BB6A28 /* VaccineListTableViewCell.swift */; };
/* End PBXBuildFile section */

/* Begin PBXContainerItemProxy section */
		EE8F7D20261ADFB800FD13AE /* PBXContainerItemProxy */ = {
			isa = PBXContainerItemProxy;
			containerPortal = EE8F7CFE261ADFB700FD13AE /* Project object */;
			proxyType = 1;
			remoteGlobalIDString = EE8F7D05261ADFB700FD13AE;
			remoteInfo = InfantoryApp;
		};
		EE8F7D2B261ADFB800FD13AE /* PBXContainerItemProxy */ = {
			isa = PBXContainerItemProxy;
			containerPortal = EE8F7CFE261ADFB700FD13AE /* Project object */;
			proxyType = 1;
			remoteGlobalIDString = EE8F7D05261ADFB700FD13AE;
			remoteInfo = InfantoryApp;
		};
/* End PBXContainerItemProxy section */

/* Begin PBXFileReference section */
		020406DD261B2F9F0036687E /* Base */ = {isa = PBXFileReference; lastKnownFileType = file.storyboard; name = Base; path = InfantoryApp/Base.lproj/VaccineList.storyboard; sourceTree = "<group>"; };
		020406F1261B314C0036687E /* VaccineListMonth.storyboard */ = {isa = PBXFileReference; fileEncoding = 4; lastKnownFileType = file.storyboard; path = VaccineListMonth.storyboard; sourceTree = "<group>"; };
		020406F9261B4BB80036687E /* VaccineDetail.storyboard */ = {isa = PBXFileReference; fileEncoding = 4; lastKnownFileType = file.storyboard; path = VaccineDetail.storyboard; sourceTree = "<group>"; };
		020406FF261B4C1D0036687E /* Base */ = {isa = PBXFileReference; lastKnownFileType = file.storyboard; name = Base; path = InfantoryApp/Base.lproj/BabyProfile.storyboard; sourceTree = "<group>"; };
		02040704261B4C710036687E /* BabyProfileForm.storyboard */ = {isa = PBXFileReference; fileEncoding = 4; lastKnownFileType = file.storyboard; path = BabyProfileForm.storyboard; sourceTree = "<group>"; };
		0204070D261B4D100036687E /* Base */ = {isa = PBXFileReference; lastKnownFileType = file.storyboard; name = Base; path = InfantoryApp/Base.lproj/Growth.storyboard; sourceTree = "<group>"; };
		02040713261B4DBE0036687E /* BabyProfileFormController.swift */ = {isa = PBXFileReference; lastKnownFileType = sourcecode.swift; path = BabyProfileFormController.swift; sourceTree = "<group>"; };
		0204071B261B4DE00036687E /* GrowthController.swift */ = {isa = PBXFileReference; lastKnownFileType = sourcecode.swift; path = GrowthController.swift; sourceTree = "<group>"; };
		0204072B261B4EA70036687E /* BabyProfileController.swift */ = {isa = PBXFileReference; lastKnownFileType = sourcecode.swift; path = BabyProfileController.swift; sourceTree = "<group>"; };
		02040733261B4ED80036687E /* VaccineListMonthController.swift */ = {isa = PBXFileReference; lastKnownFileType = sourcecode.swift; path = VaccineListMonthController.swift; sourceTree = "<group>"; };
		02040738261B4EFB0036687E /* VaccineDetailController.swift */ = {isa = PBXFileReference; lastKnownFileType = sourcecode.swift; path = VaccineDetailController.swift; sourceTree = "<group>"; };
		0204073D261B4F160036687E /* VaccineListController.swift */ = {isa = PBXFileReference; lastKnownFileType = sourcecode.swift; path = VaccineListController.swift; sourceTree = "<group>"; };
		026B8342261FF22800339AD6 /* BabyProfileCell.swift */ = {isa = PBXFileReference; lastKnownFileType = sourcecode.swift; path = BabyProfileCell.swift; sourceTree = "<group>"; };
		026B8343261FF22800339AD6 /* BabyProfileCell.xib */ = {isa = PBXFileReference; lastKnownFileType = file.xib; path = BabyProfileCell.xib; sourceTree = "<group>"; };
		029B5BE6261F315B00AA5F36 /* VaccineModel.swift */ = {isa = PBXFileReference; lastKnownFileType = sourcecode.swift; path = VaccineModel.swift; sourceTree = "<group>"; };
		02DC391D261B85A60098990A /* BabyModel.swift */ = {isa = PBXFileReference; lastKnownFileType = sourcecode.swift; path = BabyModel.swift; sourceTree = "<group>"; };
		02DC397E261DFF460098990A /* VaccineMonthCell.swift */ = {isa = PBXFileReference; lastKnownFileType = sourcecode.swift; path = VaccineMonthCell.swift; sourceTree = "<group>"; };
		02DC397F261DFF460098990A /* VaccineMonthCell.xib */ = {isa = PBXFileReference; lastKnownFileType = file.xib; path = VaccineMonthCell.xib; sourceTree = "<group>"; };
		8419D723261EDAC900F2AEA8 /* GrowthCollectionViewCell.swift */ = {isa = PBXFileReference; lastKnownFileType = sourcecode.swift; path = GrowthCollectionViewCell.swift; sourceTree = "<group>"; };
		84A7EB43261D0EDA00169FE7 /* VacinneCardView.swift */ = {isa = PBXFileReference; lastKnownFileType = sourcecode.swift; path = VacinneCardView.swift; sourceTree = "<group>"; };
		84A7EB48261D177C00169FE7 /* BabyCardView.swift */ = {isa = PBXFileReference; lastKnownFileType = sourcecode.swift; path = BabyCardView.swift; sourceTree = "<group>"; };
		EE7E87DF261ECA74005976CA /* Color.swift */ = {isa = PBXFileReference; lastKnownFileType = sourcecode.swift; path = Color.swift; sourceTree = "<group>"; };
		EE8F7D06261ADFB700FD13AE /* InfantoryApp.app */ = {isa = PBXFileReference; explicitFileType = wrapper.application; includeInIndex = 0; path = InfantoryApp.app; sourceTree = BUILT_PRODUCTS_DIR; };
		EE8F7D09261ADFB700FD13AE /* AppDelegate.swift */ = {isa = PBXFileReference; lastKnownFileType = sourcecode.swift; path = AppDelegate.swift; sourceTree = "<group>"; };
		EE8F7D0B261ADFB700FD13AE /* SceneDelegate.swift */ = {isa = PBXFileReference; lastKnownFileType = sourcecode.swift; path = SceneDelegate.swift; sourceTree = "<group>"; };
		EE8F7D0D261ADFB700FD13AE /* ViewController.swift */ = {isa = PBXFileReference; lastKnownFileType = sourcecode.swift; path = ViewController.swift; sourceTree = "<group>"; };
		EE8F7D10261ADFB700FD13AE /* Base */ = {isa = PBXFileReference; lastKnownFileType = file.storyboard; name = Base; path = Base.lproj/Main.storyboard; sourceTree = "<group>"; };
		EE8F7D13261ADFB700FD13AE /* InfantoryApp.xcdatamodel */ = {isa = PBXFileReference; lastKnownFileType = wrapper.xcdatamodel; path = InfantoryApp.xcdatamodel; sourceTree = "<group>"; };
		EE8F7D15261ADFB800FD13AE /* Assets.xcassets */ = {isa = PBXFileReference; lastKnownFileType = folder.assetcatalog; path = Assets.xcassets; sourceTree = "<group>"; };
		EE8F7D18261ADFB800FD13AE /* Base */ = {isa = PBXFileReference; lastKnownFileType = file.storyboard; name = Base; path = Base.lproj/LaunchScreen.storyboard; sourceTree = "<group>"; };
		EE8F7D1A261ADFB800FD13AE /* Info.plist */ = {isa = PBXFileReference; lastKnownFileType = text.plist.xml; path = Info.plist; sourceTree = "<group>"; };
		EE8F7D1F261ADFB800FD13AE /* InfantoryAppTests.xctest */ = {isa = PBXFileReference; explicitFileType = wrapper.cfbundle; includeInIndex = 0; path = InfantoryAppTests.xctest; sourceTree = BUILT_PRODUCTS_DIR; };
		EE8F7D23261ADFB800FD13AE /* InfantoryAppTests.swift */ = {isa = PBXFileReference; lastKnownFileType = sourcecode.swift; path = InfantoryAppTests.swift; sourceTree = "<group>"; };
		EE8F7D25261ADFB800FD13AE /* Info.plist */ = {isa = PBXFileReference; lastKnownFileType = text.plist.xml; path = Info.plist; sourceTree = "<group>"; };
		EE8F7D2A261ADFB800FD13AE /* InfantoryAppUITests.xctest */ = {isa = PBXFileReference; explicitFileType = wrapper.cfbundle; includeInIndex = 0; path = InfantoryAppUITests.xctest; sourceTree = BUILT_PRODUCTS_DIR; };
		EE8F7D2E261ADFB800FD13AE /* InfantoryAppUITests.swift */ = {isa = PBXFileReference; lastKnownFileType = sourcecode.swift; path = InfantoryAppUITests.swift; sourceTree = "<group>"; };
		EE8F7D30261ADFB800FD13AE /* Info.plist */ = {isa = PBXFileReference; lastKnownFileType = text.plist.xml; path = Info.plist; sourceTree = "<group>"; };
		EEC57571261CACCF00BB6A28 /* MonthModel.swift */ = {isa = PBXFileReference; lastKnownFileType = sourcecode.swift; path = MonthModel.swift; sourceTree = "<group>"; };
		EEC57576261CAE4200BB6A28 /* VaccineListTableViewCell.swift */ = {isa = PBXFileReference; lastKnownFileType = sourcecode.swift; path = VaccineListTableViewCell.swift; sourceTree = "<group>"; };
/* End PBXFileReference section */

/* Begin PBXFrameworksBuildPhase section */
		EE8F7D03261ADFB700FD13AE /* Frameworks */ = {
			isa = PBXFrameworksBuildPhase;
			buildActionMask = 2147483647;
			files = (
			);
			runOnlyForDeploymentPostprocessing = 0;
		};
		EE8F7D1C261ADFB800FD13AE /* Frameworks */ = {
			isa = PBXFrameworksBuildPhase;
			buildActionMask = 2147483647;
			files = (
			);
			runOnlyForDeploymentPostprocessing = 0;
		};
		EE8F7D27261ADFB800FD13AE /* Frameworks */ = {
			isa = PBXFrameworksBuildPhase;
			buildActionMask = 2147483647;
			files = (
			);
			runOnlyForDeploymentPostprocessing = 0;
		};
/* End PBXFrameworksBuildPhase section */

/* Begin PBXGroup section */
		02040712261B4D480036687E /* View */ = {
			isa = PBXGroup;
			children = (
				02040704261B4C710036687E /* BabyProfileForm.storyboard */,
				020406FE261B4C1D0036687E /* BabyProfile.storyboard */,
				0204070C261B4D100036687E /* Growth.storyboard */,
				EE8F7D0F261ADFB700FD13AE /* Main.storyboard */,
				020406DC261B2F9F0036687E /* VaccineList.storyboard */,
				020406F1261B314C0036687E /* VaccineListMonth.storyboard */,
				020406F9261B4BB80036687E /* VaccineDetail.storyboard */,
			);
			path = View;
			sourceTree = "<group>";
		};
		02040724261B4E7E0036687E /* Controller */ = {
			isa = PBXGroup;
			children = (
				02040713261B4DBE0036687E /* BabyProfileFormController.swift */,
				0204072B261B4EA70036687E /* BabyProfileController.swift */,
				0204071B261B4DE00036687E /* GrowthController.swift */,
				EE8F7D0D261ADFB700FD13AE /* ViewController.swift */,
				0204073D261B4F160036687E /* VaccineListController.swift */,
				02040733261B4ED80036687E /* VaccineListMonthController.swift */,
				02040738261B4EFB0036687E /* VaccineDetailController.swift */,
				EEC57576261CAE4200BB6A28 /* VaccineListTableViewCell.swift */,
				02DC397E261DFF460098990A /* VaccineMonthCell.swift */,
				02DC397F261DFF460098990A /* VaccineMonthCell.xib */,
				8419D723261EDAC900F2AEA8 /* GrowthCollectionViewCell.swift */,
				026B8342261FF22800339AD6 /* BabyProfileCell.swift */,
				026B8343261FF22800339AD6 /* BabyProfileCell.xib */,
			);
			path = Controller;
			sourceTree = "<group>";
		};
		02040742261B4F400036687E /* Model */ = {
			isa = PBXGroup;
			children = (
				02DC391D261B85A60098990A /* BabyModel.swift */,
				EEC57571261CACCF00BB6A28 /* MonthModel.swift */,
				EE7E87DF261ECA74005976CA /* Color.swift */,
				029B5BE6261F315B00AA5F36 /* VaccineModel.swift */,
			);
			path = Model;
			sourceTree = "<group>";
		};
		EE8F7CFD261ADFB700FD13AE = {
			isa = PBXGroup;
			children = (
				EE8F7D08261ADFB700FD13AE /* InfantoryApp */,
				EE8F7D22261ADFB800FD13AE /* InfantoryAppTests */,
				EE8F7D2D261ADFB800FD13AE /* InfantoryAppUITests */,
				EE8F7D07261ADFB700FD13AE /* Products */,
			);
			sourceTree = "<group>";
		};
		EE8F7D07261ADFB700FD13AE /* Products */ = {
			isa = PBXGroup;
			children = (
				EE8F7D06261ADFB700FD13AE /* InfantoryApp.app */,
				EE8F7D1F261ADFB800FD13AE /* InfantoryAppTests.xctest */,
				EE8F7D2A261ADFB800FD13AE /* InfantoryAppUITests.xctest */,
			);
			name = Products;
			sourceTree = "<group>";
		};
		EE8F7D08261ADFB700FD13AE /* InfantoryApp */ = {
			isa = PBXGroup;
			children = (
				02040742261B4F400036687E /* Model */,
				02040712261B4D480036687E /* View */,
				02040724261B4E7E0036687E /* Controller */,
				EE8F7D09261ADFB700FD13AE /* AppDelegate.swift */,
				EE8F7D0B261ADFB700FD13AE /* SceneDelegate.swift */,
				EE8F7D15261ADFB800FD13AE /* Assets.xcassets */,
				EE8F7D17261ADFB800FD13AE /* LaunchScreen.storyboard */,
				EE8F7D1A261ADFB800FD13AE /* Info.plist */,
				EE8F7D12261ADFB700FD13AE /* InfantoryApp.xcdatamodeld */,
				84A7EB43261D0EDA00169FE7 /* VacinneCardView.swift */,
				84A7EB48261D177C00169FE7 /* BabyCardView.swift */,
			);
			path = InfantoryApp;
			sourceTree = "<group>";
		};
		EE8F7D22261ADFB800FD13AE /* InfantoryAppTests */ = {
			isa = PBXGroup;
			children = (
				EE8F7D23261ADFB800FD13AE /* InfantoryAppTests.swift */,
				EE8F7D25261ADFB800FD13AE /* Info.plist */,
			);
			path = InfantoryAppTests;
			sourceTree = "<group>";
		};
		EE8F7D2D261ADFB800FD13AE /* InfantoryAppUITests */ = {
			isa = PBXGroup;
			children = (
				EE8F7D2E261ADFB800FD13AE /* InfantoryAppUITests.swift */,
				EE8F7D30261ADFB800FD13AE /* Info.plist */,
			);
			path = InfantoryAppUITests;
			sourceTree = "<group>";
		};
/* End PBXGroup section */

/* Begin PBXNativeTarget section */
		EE8F7D05261ADFB700FD13AE /* InfantoryApp */ = {
			isa = PBXNativeTarget;
			buildConfigurationList = EE8F7D33261ADFB800FD13AE /* Build configuration list for PBXNativeTarget "InfantoryApp" */;
			buildPhases = (
				EE8F7D02261ADFB700FD13AE /* Sources */,
				EE8F7D03261ADFB700FD13AE /* Frameworks */,
				EE8F7D04261ADFB700FD13AE /* Resources */,
			);
			buildRules = (
			);
			dependencies = (
			);
			name = InfantoryApp;
			productName = InfantoryApp;
			productReference = EE8F7D06261ADFB700FD13AE /* InfantoryApp.app */;
			productType = "com.apple.product-type.application";
		};
		EE8F7D1E261ADFB800FD13AE /* InfantoryAppTests */ = {
			isa = PBXNativeTarget;
			buildConfigurationList = EE8F7D36261ADFB800FD13AE /* Build configuration list for PBXNativeTarget "InfantoryAppTests" */;
			buildPhases = (
				EE8F7D1B261ADFB800FD13AE /* Sources */,
				EE8F7D1C261ADFB800FD13AE /* Frameworks */,
				EE8F7D1D261ADFB800FD13AE /* Resources */,
			);
			buildRules = (
			);
			dependencies = (
				EE8F7D21261ADFB800FD13AE /* PBXTargetDependency */,
			);
			name = InfantoryAppTests;
			productName = InfantoryAppTests;
			productReference = EE8F7D1F261ADFB800FD13AE /* InfantoryAppTests.xctest */;
			productType = "com.apple.product-type.bundle.unit-test";
		};
		EE8F7D29261ADFB800FD13AE /* InfantoryAppUITests */ = {
			isa = PBXNativeTarget;
			buildConfigurationList = EE8F7D39261ADFB800FD13AE /* Build configuration list for PBXNativeTarget "InfantoryAppUITests" */;
			buildPhases = (
				EE8F7D26261ADFB800FD13AE /* Sources */,
				EE8F7D27261ADFB800FD13AE /* Frameworks */,
				EE8F7D28261ADFB800FD13AE /* Resources */,
			);
			buildRules = (
			);
			dependencies = (
				EE8F7D2C261ADFB800FD13AE /* PBXTargetDependency */,
			);
			name = InfantoryAppUITests;
			productName = InfantoryAppUITests;
			productReference = EE8F7D2A261ADFB800FD13AE /* InfantoryAppUITests.xctest */;
			productType = "com.apple.product-type.bundle.ui-testing";
		};
/* End PBXNativeTarget section */

/* Begin PBXProject section */
		EE8F7CFE261ADFB700FD13AE /* Project object */ = {
			isa = PBXProject;
			attributes = {
				LastSwiftUpdateCheck = 1240;
				LastUpgradeCheck = 1240;
				TargetAttributes = {
					EE8F7D05261ADFB700FD13AE = {
						CreatedOnToolsVersion = 12.4;
					};
					EE8F7D1E261ADFB800FD13AE = {
						CreatedOnToolsVersion = 12.4;
						TestTargetID = EE8F7D05261ADFB700FD13AE;
					};
					EE8F7D29261ADFB800FD13AE = {
						CreatedOnToolsVersion = 12.4;
						TestTargetID = EE8F7D05261ADFB700FD13AE;
					};
				};
			};
			buildConfigurationList = EE8F7D01261ADFB700FD13AE /* Build configuration list for PBXProject "InfantoryApp" */;
			compatibilityVersion = "Xcode 9.3";
			developmentRegion = en;
			hasScannedForEncodings = 0;
			knownRegions = (
				en,
				Base,
			);
			mainGroup = EE8F7CFD261ADFB700FD13AE;
			productRefGroup = EE8F7D07261ADFB700FD13AE /* Products */;
			projectDirPath = "";
			projectRoot = "";
			targets = (
				EE8F7D05261ADFB700FD13AE /* InfantoryApp */,
				EE8F7D1E261ADFB800FD13AE /* InfantoryAppTests */,
				EE8F7D29261ADFB800FD13AE /* InfantoryAppUITests */,
			);
		};
/* End PBXProject section */

/* Begin PBXResourcesBuildPhase section */
		EE8F7D04261ADFB700FD13AE /* Resources */ = {
			isa = PBXResourcesBuildPhase;
			buildActionMask = 2147483647;
			files = (
				EE8F7D19261ADFB800FD13AE /* LaunchScreen.storyboard in Resources */,
				020406F2261B314C0036687E /* VaccineListMonth.storyboard in Resources */,
				02DC3981261DFF460098990A /* VaccineMonthCell.xib in Resources */,
				EE8F7D16261ADFB800FD13AE /* Assets.xcassets in Resources */,
				026B8345261FF22800339AD6 /* BabyProfileCell.xib in Resources */,
				02040700261B4C1D0036687E /* BabyProfile.storyboard in Resources */,
				02040705261B4C710036687E /* BabyProfileForm.storyboard in Resources */,
				020406FA261B4BB80036687E /* VaccineDetail.storyboard in Resources */,
				0204070E261B4D100036687E /* Growth.storyboard in Resources */,
				020406DE261B2F9F0036687E /* VaccineList.storyboard in Resources */,
				EE8F7D11261ADFB700FD13AE /* Main.storyboard in Resources */,
			);
			runOnlyForDeploymentPostprocessing = 0;
		};
		EE8F7D1D261ADFB800FD13AE /* Resources */ = {
			isa = PBXResourcesBuildPhase;
			buildActionMask = 2147483647;
			files = (
			);
			runOnlyForDeploymentPostprocessing = 0;
		};
		EE8F7D28261ADFB800FD13AE /* Resources */ = {
			isa = PBXResourcesBuildPhase;
			buildActionMask = 2147483647;
			files = (
			);
			runOnlyForDeploymentPostprocessing = 0;
		};
/* End PBXResourcesBuildPhase section */

/* Begin PBXSourcesBuildPhase section */
		EE8F7D02261ADFB700FD13AE /* Sources */ = {
			isa = PBXSourcesBuildPhase;
			buildActionMask = 2147483647;
			files = (
				EE8F7D14261ADFB700FD13AE /* InfantoryApp.xcdatamodeld in Sources */,
				EEC57577261CAE4200BB6A28 /* VaccineListTableViewCell.swift in Sources */,
				84A7EB49261D177C00169FE7 /* BabyCardView.swift in Sources */,
				EE8F7D0E261ADFB700FD13AE /* ViewController.swift in Sources */,
				EE8F7D0A261ADFB700FD13AE /* AppDelegate.swift in Sources */,
				0204073E261B4F160036687E /* VaccineListController.swift in Sources */,
				02DC3980261DFF460098990A /* VaccineMonthCell.swift in Sources */,
				026B8344261FF22800339AD6 /* BabyProfileCell.swift in Sources */,
				8419D724261EDAC900F2AEA8 /* GrowthCollectionViewCell.swift in Sources */,
				02040714261B4DBE0036687E /* BabyProfileFormController.swift in Sources */,
				84A7EB44261D0EDA00169FE7 /* VacinneCardView.swift in Sources */,
				02040739261B4EFB0036687E /* VaccineDetailController.swift in Sources */,
				EEC57572261CACCF00BB6A28 /* MonthModel.swift in Sources */,
				EE7E87E0261ECA74005976CA /* Color.swift in Sources */,
				02DC391E261B85A60098990A /* BabyModel.swift in Sources */,
				02040734261B4ED80036687E /* VaccineListMonthController.swift in Sources */,
				0204072C261B4EA70036687E /* BabyProfileController.swift in Sources */,
				029B5BE7261F315B00AA5F36 /* VaccineModel.swift in Sources */,
				0204071C261B4DE00036687E /* GrowthController.swift in Sources */,
				EE8F7D0C261ADFB700FD13AE /* SceneDelegate.swift in Sources */,
			);
			runOnlyForDeploymentPostprocessing = 0;
		};
		EE8F7D1B261ADFB800FD13AE /* Sources */ = {
			isa = PBXSourcesBuildPhase;
			buildActionMask = 2147483647;
			files = (
				EE8F7D24261ADFB800FD13AE /* InfantoryAppTests.swift in Sources */,
			);
			runOnlyForDeploymentPostprocessing = 0;
		};
		EE8F7D26261ADFB800FD13AE /* Sources */ = {
			isa = PBXSourcesBuildPhase;
			buildActionMask = 2147483647;
			files = (
				EE8F7D2F261ADFB800FD13AE /* InfantoryAppUITests.swift in Sources */,
			);
			runOnlyForDeploymentPostprocessing = 0;
		};
/* End PBXSourcesBuildPhase section */

/* Begin PBXTargetDependency section */
		EE8F7D21261ADFB800FD13AE /* PBXTargetDependency */ = {
			isa = PBXTargetDependency;
			target = EE8F7D05261ADFB700FD13AE /* InfantoryApp */;
			targetProxy = EE8F7D20261ADFB800FD13AE /* PBXContainerItemProxy */;
		};
		EE8F7D2C261ADFB800FD13AE /* PBXTargetDependency */ = {
			isa = PBXTargetDependency;
			target = EE8F7D05261ADFB700FD13AE /* InfantoryApp */;
			targetProxy = EE8F7D2B261ADFB800FD13AE /* PBXContainerItemProxy */;
		};
/* End PBXTargetDependency section */

/* Begin PBXVariantGroup section */
		020406DC261B2F9F0036687E /* VaccineList.storyboard */ = {
			isa = PBXVariantGroup;
			children = (
				020406DD261B2F9F0036687E /* Base */,
			);
			name = VaccineList.storyboard;
			sourceTree = "<group>";
		};
		020406FE261B4C1D0036687E /* BabyProfile.storyboard */ = {
			isa = PBXVariantGroup;
			children = (
				020406FF261B4C1D0036687E /* Base */,
			);
			name = BabyProfile.storyboard;
			sourceTree = "<group>";
		};
		0204070C261B4D100036687E /* Growth.storyboard */ = {
			isa = PBXVariantGroup;
			children = (
				0204070D261B4D100036687E /* Base */,
			);
			name = Growth.storyboard;
			sourceTree = "<group>";
		};
		EE8F7D0F261ADFB700FD13AE /* Main.storyboard */ = {
			isa = PBXVariantGroup;
			children = (
				EE8F7D10261ADFB700FD13AE /* Base */,
			);
			name = Main.storyboard;
			sourceTree = "<group>";
		};
		EE8F7D17261ADFB800FD13AE /* LaunchScreen.storyboard */ = {
			isa = PBXVariantGroup;
			children = (
				EE8F7D18261ADFB800FD13AE /* Base */,
			);
			name = LaunchScreen.storyboard;
			sourceTree = "<group>";
		};
/* End PBXVariantGroup section */

/* Begin XCBuildConfiguration section */
		EE8F7D31261ADFB800FD13AE /* Debug */ = {
			isa = XCBuildConfiguration;
			buildSettings = {
				ALWAYS_SEARCH_USER_PATHS = NO;
				CLANG_ANALYZER_NONNULL = YES;
				CLANG_ANALYZER_NUMBER_OBJECT_CONVERSION = YES_AGGRESSIVE;
				CLANG_CXX_LANGUAGE_STANDARD = "gnu++14";
				CLANG_CXX_LIBRARY = "libc++";
				CLANG_ENABLE_MODULES = YES;
				CLANG_ENABLE_OBJC_ARC = YES;
				CLANG_ENABLE_OBJC_WEAK = YES;
				CLANG_WARN_BLOCK_CAPTURE_AUTORELEASING = YES;
				CLANG_WARN_BOOL_CONVERSION = YES;
				CLANG_WARN_COMMA = YES;
				CLANG_WARN_CONSTANT_CONVERSION = YES;
				CLANG_WARN_DEPRECATED_OBJC_IMPLEMENTATIONS = YES;
				CLANG_WARN_DIRECT_OBJC_ISA_USAGE = YES_ERROR;
				CLANG_WARN_DOCUMENTATION_COMMENTS = YES;
				CLANG_WARN_EMPTY_BODY = YES;
				CLANG_WARN_ENUM_CONVERSION = YES;
				CLANG_WARN_INFINITE_RECURSION = YES;
				CLANG_WARN_INT_CONVERSION = YES;
				CLANG_WARN_NON_LITERAL_NULL_CONVERSION = YES;
				CLANG_WARN_OBJC_IMPLICIT_RETAIN_SELF = YES;
				CLANG_WARN_OBJC_LITERAL_CONVERSION = YES;
				CLANG_WARN_OBJC_ROOT_CLASS = YES_ERROR;
				CLANG_WARN_QUOTED_INCLUDE_IN_FRAMEWORK_HEADER = YES;
				CLANG_WARN_RANGE_LOOP_ANALYSIS = YES;
				CLANG_WARN_STRICT_PROTOTYPES = YES;
				CLANG_WARN_SUSPICIOUS_MOVE = YES;
				CLANG_WARN_UNGUARDED_AVAILABILITY = YES_AGGRESSIVE;
				CLANG_WARN_UNREACHABLE_CODE = YES;
				CLANG_WARN__DUPLICATE_METHOD_MATCH = YES;
				COPY_PHASE_STRIP = NO;
				DEBUG_INFORMATION_FORMAT = dwarf;
				ENABLE_STRICT_OBJC_MSGSEND = YES;
				ENABLE_TESTABILITY = YES;
				GCC_C_LANGUAGE_STANDARD = gnu11;
				GCC_DYNAMIC_NO_PIC = NO;
				GCC_NO_COMMON_BLOCKS = YES;
				GCC_OPTIMIZATION_LEVEL = 0;
				GCC_PREPROCESSOR_DEFINITIONS = (
					"DEBUG=1",
					"$(inherited)",
				);
				GCC_WARN_64_TO_32_BIT_CONVERSION = YES;
				GCC_WARN_ABOUT_RETURN_TYPE = YES_ERROR;
				GCC_WARN_UNDECLARED_SELECTOR = YES;
				GCC_WARN_UNINITIALIZED_AUTOS = YES_AGGRESSIVE;
				GCC_WARN_UNUSED_FUNCTION = YES;
				GCC_WARN_UNUSED_VARIABLE = YES;
				IPHONEOS_DEPLOYMENT_TARGET = 14.4;
				MTL_ENABLE_DEBUG_INFO = INCLUDE_SOURCE;
				MTL_FAST_MATH = YES;
				ONLY_ACTIVE_ARCH = YES;
				SDKROOT = iphoneos;
				SWIFT_ACTIVE_COMPILATION_CONDITIONS = DEBUG;
				SWIFT_OPTIMIZATION_LEVEL = "-Onone";
			};
			name = Debug;
		};
		EE8F7D32261ADFB800FD13AE /* Release */ = {
			isa = XCBuildConfiguration;
			buildSettings = {
				ALWAYS_SEARCH_USER_PATHS = NO;
				CLANG_ANALYZER_NONNULL = YES;
				CLANG_ANALYZER_NUMBER_OBJECT_CONVERSION = YES_AGGRESSIVE;
				CLANG_CXX_LANGUAGE_STANDARD = "gnu++14";
				CLANG_CXX_LIBRARY = "libc++";
				CLANG_ENABLE_MODULES = YES;
				CLANG_ENABLE_OBJC_ARC = YES;
				CLANG_ENABLE_OBJC_WEAK = YES;
				CLANG_WARN_BLOCK_CAPTURE_AUTORELEASING = YES;
				CLANG_WARN_BOOL_CONVERSION = YES;
				CLANG_WARN_COMMA = YES;
				CLANG_WARN_CONSTANT_CONVERSION = YES;
				CLANG_WARN_DEPRECATED_OBJC_IMPLEMENTATIONS = YES;
				CLANG_WARN_DIRECT_OBJC_ISA_USAGE = YES_ERROR;
				CLANG_WARN_DOCUMENTATION_COMMENTS = YES;
				CLANG_WARN_EMPTY_BODY = YES;
				CLANG_WARN_ENUM_CONVERSION = YES;
				CLANG_WARN_INFINITE_RECURSION = YES;
				CLANG_WARN_INT_CONVERSION = YES;
				CLANG_WARN_NON_LITERAL_NULL_CONVERSION = YES;
				CLANG_WARN_OBJC_IMPLICIT_RETAIN_SELF = YES;
				CLANG_WARN_OBJC_LITERAL_CONVERSION = YES;
				CLANG_WARN_OBJC_ROOT_CLASS = YES_ERROR;
				CLANG_WARN_QUOTED_INCLUDE_IN_FRAMEWORK_HEADER = YES;
				CLANG_WARN_RANGE_LOOP_ANALYSIS = YES;
				CLANG_WARN_STRICT_PROTOTYPES = YES;
				CLANG_WARN_SUSPICIOUS_MOVE = YES;
				CLANG_WARN_UNGUARDED_AVAILABILITY = YES_AGGRESSIVE;
				CLANG_WARN_UNREACHABLE_CODE = YES;
				CLANG_WARN__DUPLICATE_METHOD_MATCH = YES;
				COPY_PHASE_STRIP = NO;
				DEBUG_INFORMATION_FORMAT = "dwarf-with-dsym";
				ENABLE_NS_ASSERTIONS = NO;
				ENABLE_STRICT_OBJC_MSGSEND = YES;
				GCC_C_LANGUAGE_STANDARD = gnu11;
				GCC_NO_COMMON_BLOCKS = YES;
				GCC_WARN_64_TO_32_BIT_CONVERSION = YES;
				GCC_WARN_ABOUT_RETURN_TYPE = YES_ERROR;
				GCC_WARN_UNDECLARED_SELECTOR = YES;
				GCC_WARN_UNINITIALIZED_AUTOS = YES_AGGRESSIVE;
				GCC_WARN_UNUSED_FUNCTION = YES;
				GCC_WARN_UNUSED_VARIABLE = YES;
				IPHONEOS_DEPLOYMENT_TARGET = 14.4;
				MTL_ENABLE_DEBUG_INFO = NO;
				MTL_FAST_MATH = YES;
				SDKROOT = iphoneos;
				SWIFT_COMPILATION_MODE = wholemodule;
				SWIFT_OPTIMIZATION_LEVEL = "-O";
				VALIDATE_PRODUCT = YES;
			};
			name = Release;
		};
		EE8F7D34261ADFB800FD13AE /* Debug */ = {
			isa = XCBuildConfiguration;
			buildSettings = {
				ASSETCATALOG_COMPILER_APPICON_NAME = AppIcon;
				ASSETCATALOG_COMPILER_GLOBAL_ACCENT_COLOR_NAME = AccentColor;
				CODE_SIGN_STYLE = Automatic;
				DEVELOPMENT_TEAM = BCZRVBTM4G;
				INFOPLIST_FILE = InfantoryApp/Info.plist;
				LD_RUNPATH_SEARCH_PATHS = (
					"$(inherited)",
					"@executable_path/Frameworks",
				);
				PRODUCT_BUNDLE_IDENTIFIER = mahmud.InfantoryApp;
				PRODUCT_NAME = "$(TARGET_NAME)";
				SWIFT_VERSION = 5.0;
				TARGETED_DEVICE_FAMILY = 1;
			};
			name = Debug;
		};
		EE8F7D35261ADFB800FD13AE /* Release */ = {
			isa = XCBuildConfiguration;
			buildSettings = {
				ASSETCATALOG_COMPILER_APPICON_NAME = AppIcon;
				ASSETCATALOG_COMPILER_GLOBAL_ACCENT_COLOR_NAME = AccentColor;
				CODE_SIGN_STYLE = Automatic;
				DEVELOPMENT_TEAM = BCZRVBTM4G;
				INFOPLIST_FILE = InfantoryApp/Info.plist;
				LD_RUNPATH_SEARCH_PATHS = (
					"$(inherited)",
					"@executable_path/Frameworks",
				);
				PRODUCT_BUNDLE_IDENTIFIER = mahmud.InfantoryApp;
				PRODUCT_NAME = "$(TARGET_NAME)";
				SWIFT_VERSION = 5.0;
				TARGETED_DEVICE_FAMILY = 1;
			};
			name = Release;
		};
		EE8F7D37261ADFB800FD13AE /* Debug */ = {
			isa = XCBuildConfiguration;
			buildSettings = {
				ALWAYS_EMBED_SWIFT_STANDARD_LIBRARIES = YES;
				BUNDLE_LOADER = "$(TEST_HOST)";
				CODE_SIGN_STYLE = Automatic;
				DEVELOPMENT_TEAM = BCZRVBTM4G;
				INFOPLIST_FILE = InfantoryAppTests/Info.plist;
				IPHONEOS_DEPLOYMENT_TARGET = 14.4;
				LD_RUNPATH_SEARCH_PATHS = (
					"$(inherited)",
					"@executable_path/Frameworks",
					"@loader_path/Frameworks",
				);
				PRODUCT_BUNDLE_IDENTIFIER = mahmud.InfantoryAppTests;
				PRODUCT_NAME = "$(TARGET_NAME)";
				SWIFT_VERSION = 5.0;
				TARGETED_DEVICE_FAMILY = "1,2";
				TEST_HOST = "$(BUILT_PRODUCTS_DIR)/InfantoryApp.app/InfantoryApp";
			};
			name = Debug;
		};
		EE8F7D38261ADFB800FD13AE /* Release */ = {
			isa = XCBuildConfiguration;
			buildSettings = {
				ALWAYS_EMBED_SWIFT_STANDARD_LIBRARIES = YES;
				BUNDLE_LOADER = "$(TEST_HOST)";
				CODE_SIGN_STYLE = Automatic;
				DEVELOPMENT_TEAM = BCZRVBTM4G;
				INFOPLIST_FILE = InfantoryAppTests/Info.plist;
				IPHONEOS_DEPLOYMENT_TARGET = 14.4;
				LD_RUNPATH_SEARCH_PATHS = (
					"$(inherited)",
					"@executable_path/Frameworks",
					"@loader_path/Frameworks",
				);
				PRODUCT_BUNDLE_IDENTIFIER = mahmud.InfantoryAppTests;
				PRODUCT_NAME = "$(TARGET_NAME)";
				SWIFT_VERSION = 5.0;
				TARGETED_DEVICE_FAMILY = "1,2";
				TEST_HOST = "$(BUILT_PRODUCTS_DIR)/InfantoryApp.app/InfantoryApp";
			};
			name = Release;
		};
		EE8F7D3A261ADFB800FD13AE /* Debug */ = {
			isa = XCBuildConfiguration;
			buildSettings = {
				ALWAYS_EMBED_SWIFT_STANDARD_LIBRARIES = YES;
				CODE_SIGN_STYLE = Automatic;
				DEVELOPMENT_TEAM = BCZRVBTM4G;
				INFOPLIST_FILE = InfantoryAppUITests/Info.plist;
				LD_RUNPATH_SEARCH_PATHS = (
					"$(inherited)",
					"@executable_path/Frameworks",
					"@loader_path/Frameworks",
				);
				PRODUCT_BUNDLE_IDENTIFIER = mahmud.InfantoryAppUITests;
				PRODUCT_NAME = "$(TARGET_NAME)";
				SWIFT_VERSION = 5.0;
				TARGETED_DEVICE_FAMILY = "1,2";
				TEST_TARGET_NAME = InfantoryApp;
			};
			name = Debug;
		};
		EE8F7D3B261ADFB800FD13AE /* Release */ = {
			isa = XCBuildConfiguration;
			buildSettings = {
				ALWAYS_EMBED_SWIFT_STANDARD_LIBRARIES = YES;
				CODE_SIGN_STYLE = Automatic;
				DEVELOPMENT_TEAM = BCZRVBTM4G;
				INFOPLIST_FILE = InfantoryAppUITests/Info.plist;
				LD_RUNPATH_SEARCH_PATHS = (
					"$(inherited)",
					"@executable_path/Frameworks",
					"@loader_path/Frameworks",
				);
				PRODUCT_BUNDLE_IDENTIFIER = mahmud.InfantoryAppUITests;
				PRODUCT_NAME = "$(TARGET_NAME)";
				SWIFT_VERSION = 5.0;
				TARGETED_DEVICE_FAMILY = "1,2";
				TEST_TARGET_NAME = InfantoryApp;
			};
			name = Release;
		};
/* End XCBuildConfiguration section */

/* Begin XCConfigurationList section */
		EE8F7D01261ADFB700FD13AE /* Build configuration list for PBXProject "InfantoryApp" */ = {
			isa = XCConfigurationList;
			buildConfigurations = (
				EE8F7D31261ADFB800FD13AE /* Debug */,
				EE8F7D32261ADFB800FD13AE /* Release */,
			);
			defaultConfigurationIsVisible = 0;
			defaultConfigurationName = Release;
		};
		EE8F7D33261ADFB800FD13AE /* Build configuration list for PBXNativeTarget "InfantoryApp" */ = {
			isa = XCConfigurationList;
			buildConfigurations = (
				EE8F7D34261ADFB800FD13AE /* Debug */,
				EE8F7D35261ADFB800FD13AE /* Release */,
			);
			defaultConfigurationIsVisible = 0;
			defaultConfigurationName = Release;
		};
		EE8F7D36261ADFB800FD13AE /* Build configuration list for PBXNativeTarget "InfantoryAppTests" */ = {
			isa = XCConfigurationList;
			buildConfigurations = (
				EE8F7D37261ADFB800FD13AE /* Debug */,
				EE8F7D38261ADFB800FD13AE /* Release */,
			);
			defaultConfigurationIsVisible = 0;
			defaultConfigurationName = Release;
		};
		EE8F7D39261ADFB800FD13AE /* Build configuration list for PBXNativeTarget "InfantoryAppUITests" */ = {
			isa = XCConfigurationList;
			buildConfigurations = (
				EE8F7D3A261ADFB800FD13AE /* Debug */,
				EE8F7D3B261ADFB800FD13AE /* Release */,
			);
			defaultConfigurationIsVisible = 0;
			defaultConfigurationName = Release;
		};
/* End XCConfigurationList section */

/* Begin XCVersionGroup section */
		EE8F7D12261ADFB700FD13AE /* InfantoryApp.xcdatamodeld */ = {
			isa = XCVersionGroup;
			children = (
				EE8F7D13261ADFB700FD13AE /* InfantoryApp.xcdatamodel */,
			);
			currentVersion = EE8F7D13261ADFB700FD13AE /* InfantoryApp.xcdatamodel */;
			path = InfantoryApp.xcdatamodeld;
			sourceTree = "<group>";
			versionGroupType = wrapper.xcdatamodel;
		};
/* End XCVersionGroup section */
	};
	rootObject = EE8F7CFE261ADFB700FD13AE /* Project object */;
}
